{
  "version": 4,
  "terraform_version": "1.6.4",
  "serial": 118,
  "lineage": "d1c0a9f4-6594-dea9-722f-600883d74bee",
  "outputs": {
    "grafana_info": {
      "value": "default-grafana-\u003e3000",
      "type": "string"
    },
    "influx_info": {
      "value": "nodered-\u003e3000",
      "type": "string"
    },
    "nodered_info": {
      "value": "nodered-\u003e3000",
      "type": "string"
    }
  },
  "resources": [
    {
      "mode": "managed",
      "type": "docker_container",
      "name": "influxdb",
      "provider": "provider[\"registry.terraform.io/kreuzwerker/docker\"]",
      "instances": [
        {
          "schema_version": 2,
          "attributes": {
            "attach": false,
            "bridge": "",
            "capabilities": [],
            "cgroupns_mode": null,
            "command": [
              "influxd"
            ],
            "container_logs": null,
            "container_read_refresh_timeout_milliseconds": 15000,
            "cpu_set": "",
            "cpu_shares": 0,
            "destroy_grace_seconds": null,
            "devices": [],
            "dns": null,
            "dns_opts": null,
            "dns_search": null,
            "domainname": "",
            "entrypoint": [
              "/entrypoint.sh"
            ],
            "env": [],
            "exit_code": null,
            "gpus": null,
            "group_add": null,
            "healthcheck": null,
            "host": [],
            "hostname": "db61eace2a42",
            "id": "db61eace2a426dc0080acdfa36e05c994a27c7ae0095dcb3ebd2730e31953a0d",
            "image": "sha256:eec5df16229a7e8f28f51b92c1bdac0988de08fc0cc85732ee5556249eb69b14",
            "init": false,
            "ipc_mode": "private",
            "labels": [],
            "log_driver": "json-file",
            "log_opts": null,
            "logs": false,
            "max_retry_count": 0,
            "memory": 0,
            "memory_swap": 0,
            "mounts": [],
            "must_run": true,
            "name": "influxdb",
            "network_data": [
              {
                "gateway": "172.17.0.1",
                "global_ipv6_address": "",
                "global_ipv6_prefix_length": 0,
                "ip_address": "172.17.0.3",
                "ip_prefix_length": 16,
                "ipv6_gateway": "",
                "mac_address": "02:42:ac:11:00:03",
                "network_name": "bridge"
              }
            ],
            "network_mode": "default",
            "networks_advanced": [],
            "pid_mode": "",
            "ports": [
              {
                "external": 8086,
                "internal": 8086,
                "ip": "0.0.0.0",
                "protocol": "tcp"
              }
            ],
            "privileged": false,
            "publish_all_ports": false,
            "read_only": false,
            "remove_volumes": true,
            "restart": "no",
            "rm": false,
            "runtime": "runc",
            "security_opts": [],
            "shm_size": 64,
            "start": true,
            "stdin_open": false,
            "stop_signal": "",
            "stop_timeout": 0,
            "storage_opts": null,
            "sysctls": null,
            "tmpfs": null,
            "tty": false,
            "ulimit": [],
            "upload": [],
            "user": "",
            "userns_mode": "",
            "volumes": [
              {
                "container_path": "/var/lib/influxdb2",
                "from_container": "",
                "host_path": "",
                "read_only": null,
                "volume_name": "default-grafana-vol"
              }
            ],
            "wait": false,
            "wait_timeout": 60,
            "working_dir": ""
          },
          "sensitive_attributes": [],
          "private": "eyJzY2hlbWFfdmVyc2lvbiI6IjIifQ==",
          "dependencies": [
            "docker_volume.influx_vol",
            "module.influx_image.docker_image.influxdb"
          ]
        }
      ]
    },
    {
      "mode": "managed",
      "type": "docker_container",
      "name": "nodered",
      "provider": "provider[\"registry.terraform.io/kreuzwerker/docker\"]",
      "instances": [
        {
          "schema_version": 2,
          "attributes": {
            "attach": false,
            "bridge": "",
            "capabilities": [],
            "cgroupns_mode": null,
            "command": [],
            "container_logs": null,
            "container_read_refresh_timeout_milliseconds": 15000,
            "cpu_set": "",
            "cpu_shares": 0,
            "destroy_grace_seconds": null,
            "devices": [],
            "dns": null,
            "dns_opts": null,
            "dns_search": null,
            "domainname": "",
            "entrypoint": [
              "./entrypoint.sh"
            ],
            "env": [],
            "exit_code": null,
            "gpus": null,
            "group_add": null,
            "healthcheck": [
              {
                "interval": "0s",
                "retries": 0,
                "start_period": "0s",
                "test": [
                  "CMD-SHELL",
                  "node /healthcheck.js"
                ],
                "timeout": "0s"
              }
            ],
            "host": [],
            "hostname": "80df21b79f3d",
            "id": "80df21b79f3d92ae2774e35a20c6b0f296035597945439ff5d07126536982611",
            "image": "sha256:780dd4a18c11a9bfde88c6fccfa07a80e1895136df9364fe10ad3813645d2350",
            "init": false,
            "ipc_mode": "private",
            "labels": [],
            "log_driver": "json-file",
            "log_opts": null,
            "logs": false,
            "max_retry_count": 0,
            "memory": 0,
            "memory_swap": 0,
            "mounts": [],
            "must_run": true,
            "name": "nodered",
            "network_data": [
              {
                "gateway": "172.17.0.1",
                "global_ipv6_address": "",
                "global_ipv6_prefix_length": 0,
                "ip_address": "172.17.0.2",
                "ip_prefix_length": 16,
                "ipv6_gateway": "",
                "mac_address": "02:42:ac:11:00:02",
                "network_name": "bridge"
              }
            ],
            "network_mode": "default",
            "networks_advanced": [],
            "pid_mode": "",
            "ports": [
              {
                "external": 1880,
                "internal": 1880,
                "ip": "0.0.0.0",
                "protocol": "tcp"
              }
            ],
            "privileged": false,
            "publish_all_ports": false,
            "read_only": false,
            "remove_volumes": true,
            "restart": "no",
            "rm": false,
            "runtime": "runc",
            "security_opts": [],
            "shm_size": 64,
            "start": true,
            "stdin_open": false,
            "stop_signal": "",
            "stop_timeout": 0,
            "storage_opts": null,
            "sysctls": null,
            "tmpfs": null,
            "tty": false,
            "ulimit": [],
            "upload": [],
            "user": "node-red",
            "userns_mode": "",
            "volumes": [
              {
                "container_path": "/data",
                "from_container": "",
                "host_path": "",
                "read_only": null,
                "volume_name": "default-nodered-vol"
              }
            ],
            "wait": false,
            "wait_timeout": 60,
            "working_dir": "/usr/src/node-red"
          },
          "sensitive_attributes": [],
          "private": "eyJzY2hlbWFfdmVyc2lvbiI6IjIifQ==",
          "dependencies": [
            "docker_volume.nodered_vol",
            "module.nodered_image.docker_image.nodered"
          ]
        }
      ]
    },
    {
      "mode": "managed",
      "type": "docker_volume",
      "name": "grafana_vol",
      "provider": "provider[\"registry.terraform.io/kreuzwerker/docker\"]",
      "instances": [
        {
          "schema_version": 1,
          "attributes": {
            "driver": "local",
            "driver_opts": {},
            "id": "default-grafana-vol",
            "labels": [],
            "mountpoint": "/var/lib/docker/volumes/default-grafana-vol/_data",
            "name": "default-grafana-vol"
          },
          "sensitive_attributes": [],
          "private": "eyJzY2hlbWFfdmVyc2lvbiI6IjEifQ=="
        }
      ]
    },
    {
      "mode": "managed",
      "type": "docker_volume",
      "name": "influx_vol",
      "provider": "provider[\"registry.terraform.io/kreuzwerker/docker\"]",
      "instances": [
        {
          "schema_version": 1,
          "attributes": {
            "driver": "local",
            "driver_opts": {},
            "id": "default-grafana-vol",
            "labels": [],
            "mountpoint": "/var/lib/docker/volumes/default-grafana-vol/_data",
            "name": "default-grafana-vol"
          },
          "sensitive_attributes": [],
          "private": "eyJzY2hlbWFfdmVyc2lvbiI6IjEifQ=="
        }
      ]
    },
    {
      "mode": "managed",
      "type": "docker_volume",
      "name": "nodered_vol",
      "provider": "provider[\"registry.terraform.io/kreuzwerker/docker\"]",
      "instances": [
        {
          "schema_version": 1,
          "attributes": {
            "driver": "local",
            "driver_opts": {},
            "id": "default-nodered-vol",
            "labels": [],
            "mountpoint": "/var/lib/docker/volumes/default-nodered-vol/_data",
            "name": "default-nodered-vol"
          },
          "sensitive_attributes": [],
          "private": "eyJzY2hlbWFfdmVyc2lvbiI6IjEifQ=="
        }
      ]
    },
    {
      "module": "module.grafana_image",
      "mode": "managed",
      "type": "docker_image",
      "name": "grafana",
      "provider": "module.grafana_image.provider[\"registry.terraform.io/kreuzwerker/docker\"]",
      "instances": [
        {
          "schema_version": 0,
          "attributes": {
            "build": [],
            "force_remove": null,
            "id": "sha256:a2a24e91453f89c1b69a70a6b3149169c13db44aebdb7084d20f8047a25dae8cgrafana/grafana-oss",
            "image_id": "sha256:a2a24e91453f89c1b69a70a6b3149169c13db44aebdb7084d20f8047a25dae8c",
            "keep_locally": null,
            "name": "grafana/grafana-oss",
            "platform": null,
            "pull_triggers": null,
            "repo_digest": "grafana/grafana-oss@sha256:7567a7c70a3c1d75aeeedc968d1304174a16651e55a60d1fb132a05e1e63a054",
            "triggers": null
          },
          "sensitive_attributes": [],
          "private": "bnVsbA=="
        }
      ]
    },
    {
      "module": "module.influx_image",
      "mode": "managed",
      "type": "docker_image",
      "name": "influxdb",
      "provider": "module.influx_image.provider[\"registry.terraform.io/kreuzwerker/docker\"]",
      "instances": [
        {
          "schema_version": 0,
          "attributes": {
            "build": [],
            "force_remove": null,
            "id": "sha256:eec5df16229a7e8f28f51b92c1bdac0988de08fc0cc85732ee5556249eb69b14influxdb:latest",
            "image_id": "sha256:eec5df16229a7e8f28f51b92c1bdac0988de08fc0cc85732ee5556249eb69b14",
            "keep_locally": null,
            "name": "influxdb:latest",
            "platform": null,
            "pull_triggers": null,
            "repo_digest": "influxdb@sha256:24a503d8283c59bb741f77be3413c9068fc1dee6f5d9211d404ba90945f90e56",
            "triggers": null
          },
          "sensitive_attributes": [],
          "private": "bnVsbA=="
        }
      ]
    },
    {
      "module": "module.nodered_image",
      "mode": "managed",
      "type": "docker_image",
      "name": "nodered",
      "provider": "module.nodered_image.provider[\"registry.terraform.io/kreuzwerker/docker\"]",
      "instances": [
        {
          "schema_version": 0,
          "attributes": {
            "build": [],
            "force_remove": null,
            "id": "sha256:780dd4a18c11a9bfde88c6fccfa07a80e1895136df9364fe10ad3813645d2350nodered/node-red:latest",
            "image_id": "sha256:780dd4a18c11a9bfde88c6fccfa07a80e1895136df9364fe10ad3813645d2350",
            "keep_locally": null,
            "name": "nodered/node-red:latest",
            "platform": null,
            "pull_triggers": null,
            "repo_digest": "nodered/node-red@sha256:a5cc2d5417d48c13a50de322aa4c0b909ff28f826e6f6449c5d8aaefbf01b558",
            "triggers": null
          },
          "sensitive_attributes": [],
          "private": "bnVsbA=="
        }
      ]
    }
  ],
  "check_results": null
}
