{
  "version": 4,
  "terraform_version": "1.6.4",
  "serial": 10,
  "lineage": "e452db19-79f2-3e1f-1163-61b1ed3c21ed",
  "outputs": {
    "grafana_info": {
      "value": "default-grafana-\u003e3000",
      "type": "string"
    }
  },
  "resources": [
    {
      "mode": "managed",
      "type": "docker_volume",
      "name": "grafana_vol",
      "provider": "provider[\"registry.terraform.io/kreuzwerker/docker\"]",
      "instances": [
        {
          "schema_version": 1,
          "attributes": {
            "driver": "local",
            "driver_opts": null,
            "id": "default-grafana-vol",
            "labels": [],
            "mountpoint": "/var/lib/docker/volumes/default-grafana-vol/_data",
            "name": "default-grafana-vol"
          },
          "sensitive_attributes": [],
          "private": "eyJzY2hlbWFfdmVyc2lvbiI6IjEifQ=="
        }
      ]
    }
  ],
  "check_results": null
}
