{
  "version": 4,
  "terraform_version": "1.6.4",
  "serial": 7,
  "lineage": "9bca1fc8-7ed8-3aed-4fd8-d1a20a2555a0",
  "outputs": {
    "grafana_info": {
      "value": "PROD-grafana-\u003e3000",
      "type": "string"
    }
  },
  "resources": [
    {
      "mode": "managed",
      "type": "docker_container",
      "name": "grafana",
      "provider": "provider[\"registry.terraform.io/kreuzwerker/docker\"]",
      "instances": [
        {
          "status": "tainted",
          "schema_version": 2,
          "attributes": {
            "attach": false,
            "bridge": null,
            "capabilities": [],
            "cgroupns_mode": null,
            "command": null,
            "container_logs": null,
            "container_read_refresh_timeout_milliseconds": 15000,
            "cpu_set": null,
            "cpu_shares": null,
            "destroy_grace_seconds": null,
            "devices": [],
            "dns": null,
            "dns_opts": null,
            "dns_search": null,
            "domainname": null,
            "entrypoint": null,
            "env": [],
            "exit_code": null,
            "gpus": null,
            "group_add": null,
            "healthcheck": null,
            "host": [],
            "hostname": null,
            "id": "58eea0785d7591fede7014ce61a4d2c936173554216e5861b8838bea1529bf67",
            "image": "grafana/grafana-oss",
            "init": null,
            "ipc_mode": null,
            "labels": [],
            "log_driver": null,
            "log_opts": null,
            "logs": false,
            "max_retry_count": null,
            "memory": null,
            "memory_swap": null,
            "mounts": [],
            "must_run": true,
            "name": "PROD-grafana",
            "network_data": null,
            "network_mode": null,
            "networks_advanced": [],
            "pid_mode": null,
            "ports": [
              {
                "external": 3000,
                "internal": 3000,
                "ip": "0.0.0.0",
                "protocol": "tcp"
              }
            ],
            "privileged": null,
            "publish_all_ports": null,
            "read_only": false,
            "remove_volumes": true,
            "restart": "no",
            "rm": false,
            "runtime": null,
            "security_opts": [],
            "shm_size": null,
            "start": true,
            "stdin_open": false,
            "stop_signal": null,
            "stop_timeout": null,
            "storage_opts": null,
            "sysctls": null,
            "tmpfs": null,
            "tty": false,
            "ulimit": [],
            "upload": [],
            "user": null,
            "userns_mode": null,
            "volumes": [
              {
                "container_path": "/var/lib/grafana",
                "from_container": "",
                "host_path": "",
                "read_only": null,
                "volume_name": "PROD-grafana-vol"
              }
            ],
            "wait": false,
            "wait_timeout": 60,
            "working_dir": null
          },
          "sensitive_attributes": [],
          "private": "eyJzY2hlbWFfdmVyc2lvbiI6IjIifQ==",
          "dependencies": [
            "docker_volume.grafana_vol",
            "module.grafana_image.docker_image.grafana"
          ]
        }
      ]
    },
    {
      "mode": "managed",
      "type": "docker_volume",
      "name": "grafana_vol",
      "provider": "provider[\"registry.terraform.io/kreuzwerker/docker\"]",
      "instances": [
        {
          "schema_version": 1,
          "attributes": {
            "driver": "local",
            "driver_opts": {},
            "id": "PROD-grafana-vol",
            "labels": [],
            "mountpoint": "/var/lib/docker/volumes/PROD-grafana-vol/_data",
            "name": "PROD-grafana-vol"
          },
          "sensitive_attributes": [],
          "private": "eyJzY2hlbWFfdmVyc2lvbiI6IjEifQ=="
        }
      ]
    },
    {
      "module": "module.grafana_image",
      "mode": "managed",
      "type": "docker_image",
      "name": "grafana",
      "provider": "module.grafana_image.provider[\"registry.terraform.io/kreuzwerker/docker\"]",
      "instances": [
        {
          "schema_version": 0,
          "attributes": {
            "build": [],
            "force_remove": null,
            "id": "sha256:a2a24e91453f89c1b69a70a6b3149169c13db44aebdb7084d20f8047a25dae8cgrafana/grafana-oss",
            "image_id": "sha256:a2a24e91453f89c1b69a70a6b3149169c13db44aebdb7084d20f8047a25dae8c",
            "keep_locally": null,
            "name": "grafana/grafana-oss",
            "platform": null,
            "pull_triggers": null,
            "repo_digest": "grafana/grafana-oss@sha256:7567a7c70a3c1d75aeeedc968d1304174a16651e55a60d1fb132a05e1e63a054",
            "triggers": null
          },
          "sensitive_attributes": [],
          "private": "bnVsbA=="
        }
      ]
    }
  ],
  "check_results": null
}
